<?xml version="1.0" encoding="utf-8"?>
<Project ToolsVersion="4.0" xmlns="http://schemas.microsoft.com/developer/msbuild/2003">
  <ItemGroup>
    <ClCompile Include="..\..\main.cpp" />
    <ClCompile Include="..\..\util\string.cpp">
      <Filter>util</Filter>
    </ClCompile>
    <ClCompile Include="..\..\util\file_io.cpp">
      <Filter>util</Filter>
    </ClCompile>
    <ClCompile Include="..\..\util\console_colors.cpp">
      <Filter>util</Filter>
    </ClCompile>
    <ClCompile Include="..\..\..\common\tracy\TracyClient.cpp">
      <Filter>tracy</Filter>
    </ClCompile>
    <ClCompile Include="..\..\util\timer.cpp">
      <Filter>util</Filter>
    </ClCompile>
    <ClCompile Include="..\..\util\smhasher\MurmurHash1.cpp">
      <Filter>util\smhasher</Filter>
    </ClCompile>
    <ClCompile Include="..\..\util\smhasher\MurmurHash2.cpp">
      <Filter>util\smhasher</Filter>
    </ClCompile>
    <ClCompile Include="..\..\util\smhasher\MurmurHash3.cpp">
      <Filter>util\smhasher</Filter>
    </ClCompile>
    <ClCompile Include="..\..\llvm_pch.cpp">
      <Filter>llvm</Filter>
    </ClCompile>
    <ClCompile Include="..\..\llvm_codegen.cpp">
      <Filter>llvm</Filter>
    </ClCompile>
    <ClCompile Include="..\..\llvm_jit.cpp">
      <Filter>llvm</Filter>
    </ClCompile>
  </ItemGroup>
  <ItemGroup>
    <ClInclude Include="..\..\util\string.hpp">
      <Filter>util</Filter>
    </ClInclude>
    <ClInclude Include="..\..\util\file_io.hpp">
      <Filter>util</Filter>
    </ClInclude>
    <ClInclude Include="..\..\tokenizer.hpp" />
    <ClInclude Include="..\..\common.hpp" />
    <ClInclude Include="..\..\util\console_colors.hpp">
      <Filter>util</Filter>
    </ClInclude>
    <ClInclude Include="..\..\..\common\tracy\Tracy.hpp">
      <Filter>tracy</Filter>
    </ClInclude>
    <ClInclude Include="..\..\errors.hpp" />
    <ClInclude Include="..\..\parser.hpp" />
    <ClInclude Include="..\..\line_map.hpp" />
    <ClInclude Include="..\..\util\timer.hpp">
      <Filter>util</Filter>
    </ClInclude>
    <ClInclude Include="..\..\util\smhasher\MurmurHash1.h">
      <Filter>util\smhasher</Filter>
    </ClInclude>
    <ClInclude Include="..\..\util\smhasher\MurmurHash2.h">
      <Filter>util\smhasher</Filter>
    </ClInclude>
    <ClInclude Include="..\..\util\smhasher\MurmurHash3.h">
      <Filter>util\smhasher</Filter>
    </ClInclude>
    <ClInclude Include="..\..\builtins.hpp" />
    <ClInclude Include="..\..\basic_types.hpp" />
    <ClInclude Include="..\..\bytecode_vm.hpp" />
    <ClInclude Include="..\..\ir_gen.hpp" />
    <ClInclude Include="..\..\codegen.hpp" />
    <ClInclude Include="..\..\ir_opt.hpp" />
    <ClInclude Include="..\..\options.hpp" />
    <ClInclude Include="..\..\resolver.hpp" />
    <ClInclude Include="..\..\llvm_pch.hpp">
      <Filter>llvm</Filter>
    </ClInclude>
    <ClInclude Include="..\..\llvm_backend.hpp">
      <Filter>llvm</Filter>
    </ClInclude>
    <ClInclude Include="..\..\llvm_disasm.hpp">
      <Filter>llvm</Filter>
    </ClInclude>
  </ItemGroup>
  <ItemGroup>
    <Filter Include="util">
      <UniqueIdentifier>{79648662-5451-49e3-809e-67d874b33fb4}</UniqueIdentifier>
    </Filter>
    <Filter Include="tracy">
      <UniqueIdentifier>{03b26709-89a4-4de1-a908-4a65cd98dc18}</UniqueIdentifier>
    </Filter>
    <Filter Include="util\smhasher">
      <UniqueIdentifier>{4486f546-c03b-46ca-b21b-32e11ccab3c2}</UniqueIdentifier>
    </Filter>
    <Filter Include="llvm">
      <UniqueIdentifier>{f1141f09-8f65-4e7a-a490-0a75774b5be3}</UniqueIdentifier>
    </Filter>
  </ItemGroup>
  <ItemGroup>
    <None Include="..\..\test.la" />
    <None Include="..\..\test2.la" />
    <None Include="..\..\test3.la" />
  </ItemGroup>
  <ItemGroup>
    <Natvis Include="compiler.natvis" />
    <Natvis Include="..\..\..\libLLVM\llvm-project\llvm\utils\LLVMVisualizers\llvm.natvis">
      <Filter>llvm</Filter>
    </Natvis>
  </ItemGroup>
</Project>